{
  "projects": [
    {
      "projectId": "2zyEN4wbAvdpCs3a2xawX4",
      "version": "latest",
      "dependencies": {},
      "lang": "js",
      "fileLocks": [
        {
          "type": "globalVariant",
          "assetId": "FI2nfRzF-U3",
          "checksum": "fe2d9c63a137a74d682bc7c89c087726"
        },
        {
          "assetId": "2zyEN4wbAvdpCs3a2xawX4",
          "type": "projectCss",
          "checksum": "5be392e25ed45dc5b7cd547532a903fd"
        },
        {
          "type": "renderModule",
          "assetId": "fddu2kR3B2",
          "checksum": "198d73eddb79e383c4335be230271e83"
        },
        {
          "type": "cssRules",
          "assetId": "fddu2kR3B2",
          "checksum": "198d73eddb79e383c4335be230271e83"
        },
        {
          "type": "renderModule",
          "assetId": "AZ5Vo1IjR1S",
          "checksum": "3d1dc5a2a11b6e96248c841a1c5eefe0"
        },
        {
          "type": "cssRules",
          "assetId": "AZ5Vo1IjR1S",
          "checksum": "3d1dc5a2a11b6e96248c841a1c5eefe0"
        },
        {
          "type": "renderModule",
          "assetId": "94tjJvwijaz0",
          "checksum": "a5da8a22546dd475ae211153138f046e"
        },
        {
          "type": "cssRules",
          "assetId": "94tjJvwijaz0",
          "checksum": "a5da8a22546dd475ae211153138f046e"
        },
        {
          "type": "renderModule",
          "assetId": "sptMhJnpZGz",
          "checksum": "bd5410bc7137c98df7226c963963b46f"
        },
        {
          "type": "cssRules",
          "assetId": "sptMhJnpZGz",
          "checksum": "bd5410bc7137c98df7226c963963b46f"
        },
        {
          "type": "renderModule",
          "assetId": "TYRAXBEJw0",
          "checksum": "ccda0a600a35e6e0f79a77783240c193"
        },
        {
          "type": "cssRules",
          "assetId": "TYRAXBEJw0",
          "checksum": "ccda0a600a35e6e0f79a77783240c193"
        },
        {
          "type": "renderModule",
          "assetId": "dBzV6uQiV5P",
          "checksum": "2c60fa2805e3c284e774aa9968bfe741"
        },
        {
          "type": "cssRules",
          "assetId": "dBzV6uQiV5P",
          "checksum": "2c60fa2805e3c284e774aa9968bfe741"
        },
        {
          "type": "renderModule",
          "assetId": "_A9MnU18kJ",
          "checksum": "b2104d51ee9049dc910401402909c401"
        },
        {
          "type": "cssRules",
          "assetId": "_A9MnU18kJ",
          "checksum": "b2104d51ee9049dc910401402909c401"
        },
        {
          "type": "renderModule",
          "assetId": "QojEtNPl2r",
          "checksum": "9a342c637b99132527ba121b6d0aafb5"
        },
        {
          "type": "cssRules",
          "assetId": "QojEtNPl2r",
          "checksum": "9a342c637b99132527ba121b6d0aafb5"
        },
        {
          "type": "renderModule",
          "assetId": "tFVGtTB2cp",
          "checksum": "c3d20c033f382ec5b975abceb94a9cd6"
        },
        {
          "type": "cssRules",
          "assetId": "tFVGtTB2cp",
          "checksum": "c3d20c033f382ec5b975abceb94a9cd6"
        },
        {
          "type": "renderModule",
          "assetId": "H5crwft2BZ",
          "checksum": "c0d4d7e1cbc3e92c09c06bd9c15ad20a"
        },
        {
          "type": "cssRules",
          "assetId": "H5crwft2BZ",
          "checksum": "c0d4d7e1cbc3e92c09c06bd9c15ad20a"
        },
        {
          "type": "renderModule",
          "assetId": "-F-RkKDSdI",
          "checksum": "607b35d631f3e10f32c2f63a99a0b22b"
        },
        {
          "type": "cssRules",
          "assetId": "-F-RkKDSdI",
          "checksum": "607b35d631f3e10f32c2f63a99a0b22b"
        },
        {
          "type": "renderModule",
          "assetId": "CNicfH_kR1F",
          "checksum": "321cfdc1cc5809cee7860c764a64259a"
        },
        {
          "type": "cssRules",
          "assetId": "CNicfH_kR1F",
          "checksum": "321cfdc1cc5809cee7860c764a64259a"
        },
        {
          "type": "renderModule",
          "assetId": "k1U55LVDYq-",
          "checksum": "ed02bfda903dde0f8fdc08fa09b6ab4c"
        },
        {
          "type": "cssRules",
          "assetId": "k1U55LVDYq-",
          "checksum": "ed02bfda903dde0f8fdc08fa09b6ab4c"
        },
        {
          "type": "renderModule",
          "assetId": "ow46Wt9Nr-",
          "checksum": "8bf0eba6d23e89c047b1d84a858ae5b3"
        },
        {
          "type": "cssRules",
          "assetId": "ow46Wt9Nr-",
          "checksum": "8bf0eba6d23e89c047b1d84a858ae5b3"
        },
        {
          "type": "renderModule",
          "assetId": "FRvMdmFQkDQ",
          "checksum": "ccd06b466d3eb79d3577c20b531656de"
        },
        {
          "type": "cssRules",
          "assetId": "FRvMdmFQkDQ",
          "checksum": "ccd06b466d3eb79d3577c20b531656de"
        },
        {
          "type": "icon",
          "assetId": "Flvl7zxljvL",
          "checksum": "65e34afab908300603bf71e11251e796"
        },
        {
          "type": "icon",
          "assetId": "JFcHSqMygIk",
          "checksum": "1c919bc533e0365b5fe1d1e924a57521"
        },
        {
          "type": "icon",
          "assetId": "xX9h0dwXw5",
          "checksum": "3cd2599d65198cf60cefb25536131401"
        },
        {
          "type": "icon",
          "assetId": "xCJfnKQImgI",
          "checksum": "12feda718d93af1863966ff0d3d21c6e"
        },
        {
          "type": "icon",
          "assetId": "tNRMaQnxLeC",
          "checksum": "f1b2e996e879da4d82902ba44eea033e"
        },
        {
          "type": "icon",
          "assetId": "XDUbn3vrhkq",
          "checksum": "beb5581c6779ed8571e1dcec8ffd551c"
        },
        {
          "type": "icon",
          "assetId": "vqsORbWE_vg",
          "checksum": "12c2462ca472bca58623a8741b7278bc"
        },
        {
          "type": "icon",
          "assetId": "ozDJBmqZ8R",
          "checksum": "1e225342ca7bd188fc5c46191655db73"
        },
        {
          "type": "icon",
          "assetId": "Jd_kVSdfO46",
          "checksum": "aa0704dc841c6f342568adddc0475a09"
        },
        {
          "type": "icon",
          "assetId": "oneCcpCWTho",
          "checksum": "faca730dc1449440e53c0f715dcff602"
        },
        {
          "type": "icon",
          "assetId": "RowqyEbUTMk",
          "checksum": "70d6b2c5838b289d2846a1099cea7c2a"
        },
        {
          "type": "icon",
          "assetId": "HBLThmFiMNZ",
          "checksum": "4a531f990b3a8bcbf56d2d65eecd0d67"
        },
        {
          "type": "icon",
          "assetId": "AzZ9vvy47MU",
          "checksum": "29399ce8029eaf0bbc09a7a44a4fd520"
        },
        {
          "type": "icon",
          "assetId": "XfHV_h8gA9S",
          "checksum": "02087efb71131acbb74bfef049ec22bc"
        },
        {
          "type": "icon",
          "assetId": "2Pc7tPcYPnl",
          "checksum": "f3b9bea7ad2e4c4c549db871920995b9"
        },
        {
          "type": "icon",
          "assetId": "BCgedDUkXlU",
          "checksum": "fd9a106667a92821021b2148b889f92b"
        },
        {
          "type": "icon",
          "assetId": "9tPkfCe-25G",
          "checksum": "decec08094ed6dd1b150897672e32141"
        },
        {
          "type": "icon",
          "assetId": "UJFb9CvHAMp",
          "checksum": "00b53f2f7543a2f55dde1fa7d7251737"
        },
        {
          "type": "icon",
          "assetId": "noz6E1T11wM",
          "checksum": "fe7700fca29981537c6120f3bc72322c"
        },
        {
          "type": "icon",
          "assetId": "ujbweh9BtUj",
          "checksum": "bd0331cef77357069e552098c7492c92"
        },
        {
          "type": "icon",
          "assetId": "Kg1chphk4Y6",
          "checksum": "4d7690ad0655cb1fc9159b251927f652"
        },
        {
          "type": "icon",
          "assetId": "Q94iWjh-LTD",
          "checksum": "2fa03726ad4e41395504c4f7145a9086"
        },
        {
          "type": "icon",
          "assetId": "iDDoAWQFCOf",
          "checksum": "7274b2625383ab7cd484d0f54d8571c6"
        },
        {
          "type": "icon",
          "assetId": "7LN4JW58nXr",
          "checksum": "2cf827b256547b8d5e546819209ad91d"
        },
        {
          "type": "icon",
          "assetId": "eDsNciuWVK9",
          "checksum": "0b2a88b035160e7b822b53c790704a7e"
        },
        {
          "type": "icon",
          "assetId": "QE3WF1zQtpA",
          "checksum": "2a52ecf301fc40a39ebb1744900fdb07"
        },
        {
          "type": "icon",
          "assetId": "qKRKXdAEEDi",
          "checksum": "bdb9d0849d857cb4e139b54902bbda9e"
        },
        {
          "type": "icon",
          "assetId": "SPAsDIzXYE3",
          "checksum": "1946634d6dcd35a23de8a3b369d11fb1"
        },
        {
          "type": "icon",
          "assetId": "wwKAieBbkIz",
          "checksum": "ccdc83bd0299d31906c1ed404db92965"
        },
        {
          "type": "icon",
          "assetId": "jyZQ_VFVc5q",
          "checksum": "b99b7d517abc21f519ff28ff9f9b7bb5"
        },
        {
          "type": "icon",
          "assetId": "kZvbdjcB925",
          "checksum": "859a45c77dcfbb47b79e9cc0a8e8f316"
        },
        {
          "type": "icon",
          "assetId": "gLMzK9v9dKf",
          "checksum": "b36837dd4d9b9ad04c184b56e7495137"
        },
        {
          "type": "icon",
          "assetId": "OkIxhPX0YhF",
          "checksum": "e949d6bab7bb39672c01ed495badf783"
        },
        {
          "type": "icon",
          "assetId": "dMvoVRbO4VQS",
          "checksum": "d3bc5bbe04822ff8ebf528328289ab95"
        },
        {
          "type": "icon",
          "assetId": "tzRkfTo5lga-",
          "checksum": "e6b189ba597eb45b9e0ec18cc97d97f9"
        },
        {
          "type": "icon",
          "assetId": "BNMBh4nbbiPq",
          "checksum": "719ab0849cfa25e80fe55e5a39efd8ae"
        },
        {
          "type": "icon",
          "assetId": "R0aLeLzskCFl",
          "checksum": "6258ff38ac8dfb06a7bce7789d1b8406"
        },
        {
          "type": "icon",
          "assetId": "Zv27nIf2NYr5",
          "checksum": "e36acbe7f0447c82b403e1a015860dd7"
        },
        {
          "type": "icon",
          "assetId": "uLY7HKQeV57T",
          "checksum": "56ffced52cbb4adc11c81778f725eb9c"
        },
        {
          "type": "icon",
          "assetId": "kOih8XzF7oqB",
          "checksum": "8195b2b6bd7cb1e4a24cbc7dbdb8529d"
        },
        {
          "type": "icon",
          "assetId": "4ntWPAXIiXqQ",
          "checksum": "36eb59d38d901620ce9787191a8cf1b1"
        },
        {
          "type": "icon",
          "assetId": "63-ZvET2jdKG",
          "checksum": "5b8d79e57af093d3fc99729862db328d"
        },
        {
          "type": "icon",
          "assetId": "piewEYJ6rRpr",
          "checksum": "3d14dc26955eeec864f3207d99910491"
        },
        {
          "type": "icon",
          "assetId": "DIeqH_aYENuN",
          "checksum": "bd2850b6410e449986847281f25c0e5d"
        },
        {
          "type": "icon",
          "assetId": "ReeL-fuZwO",
          "checksum": "5cd1be111ae34f6859eed6fb704f37ec"
        },
        {
          "type": "icon",
          "assetId": "VPZsAejY0D",
          "checksum": "464064633ce789773402d9fd757b2f3a"
        },
        {
          "type": "icon",
          "assetId": "3PDhs2NPSGH",
          "checksum": "fb89fa59e1861f63631310083e5cca90"
        },
        {
          "type": "icon",
          "assetId": "QzaSvNtFAK5",
          "checksum": "8a8ce709b97c53d7d988829778485344"
        },
        {
          "type": "icon",
          "assetId": "5JMnAShgdOC",
          "checksum": "e922852b38eb0224bac0ac04ba26f2e2"
        },
        {
          "type": "icon",
          "assetId": "TgKRZlc9Ec-",
          "checksum": "10193597caed8c08d0ffd987f37bee87"
        },
        {
          "type": "icon",
          "assetId": "sKgh1Eb675F",
          "checksum": "c96a0d8367b0ea53aa8b1ee53df6a6b9"
        },
        {
          "type": "icon",
          "assetId": "4SOMv3qy5_6",
          "checksum": "b9b14173a762e1dde17640ebf45ed65e"
        },
        {
          "type": "icon",
          "assetId": "6QjLWDe7qZq",
          "checksum": "82e72b298e9682637a51534f1bc22787"
        },
        {
          "type": "icon",
          "assetId": "JACrtlxgb5q",
          "checksum": "790426ad3ef37de4cf140efdbdb1d0d1"
        },
        {
          "type": "icon",
          "assetId": "rtWKaYFRe6",
          "checksum": "974709e140aab78e119dcda8138bd5ac"
        },
        {
          "type": "icon",
          "assetId": "026qdH3O46",
          "checksum": "b6887aabbbf37635152b7d3522c50986"
        },
        {
          "type": "icon",
          "assetId": "ONfvvT5120",
          "checksum": "762ca279374666cc1367acefb1a051d2"
        },
        {
          "type": "icon",
          "assetId": "K8q3vtqtOjO",
          "checksum": "4e8c4b746aeb07c4692021a88e413890"
        },
        {
          "type": "icon",
          "assetId": "j-V78FwJkKP",
          "checksum": "8fd8af74c03695995e248827d494a86c"
        },
        {
          "type": "icon",
          "assetId": "Viag9UQg_Rs",
          "checksum": "7e592b02ad79b5a48325d2f8867381a6"
        },
        {
          "type": "icon",
          "assetId": "RsG1u1m-gCG",
          "checksum": "8d90ee445d794b1cd5bc7d08fd18bca3"
        },
        {
          "type": "icon",
          "assetId": "slB59jfDXvm",
          "checksum": "18e69c6256bcd23e33b1262dda219356"
        },
        {
          "type": "icon",
          "assetId": "t-4p0BPf99",
          "checksum": "750c9eaab0e12cd3049d2d55c5d9bfb7"
        },
        {
          "type": "icon",
          "assetId": "U4mYBwXLeg",
          "checksum": "8bf2ad6e5a02c05ada0b4992f1f4ea86"
        },
        {
          "type": "icon",
          "assetId": "8sAuIu4hat",
          "checksum": "12de4838f3f4448ba40df1ed1c3bb38c"
        },
        {
          "type": "icon",
          "assetId": "GUwRGgo_r6",
          "checksum": "67bc39d937b83125ab4354ae7f65d717"
        },
        {
          "type": "icon",
          "assetId": "0zK9WahsgF",
          "checksum": "15e151a4678a9b788c2cc78dc544a60a"
        },
        {
          "type": "icon",
          "assetId": "vCF3NlhM31",
          "checksum": "0be003336da4a55723a0a000ea3be219"
        },
        {
          "type": "icon",
          "assetId": "krDhkHj-WTx",
          "checksum": "d1e4f2e56363e2105370aa5e4d99c8ec"
        },
        {
          "type": "icon",
          "assetId": "dU4IIwmGHG9",
          "checksum": "11befc85199ff3e4a1e08c19c1747339"
        },
        {
          "type": "icon",
          "assetId": "ckS_5s1DkvA",
          "checksum": "bfad1d04549fe0779dfd457c264136e5"
        },
        {
          "type": "icon",
          "assetId": "-A2XqYTAsCA",
          "checksum": "8468314b58e75d4234ff4da0449b0e20"
        },
        {
          "type": "icon",
          "assetId": "f24x9T9xN",
          "checksum": "649d0eb456070d41f4ca64f15d9e0568"
        },
        {
          "type": "icon",
          "assetId": "K2siVizM6t",
          "checksum": "aaefce64546073886da01d255d19e207"
        },
        {
          "type": "icon",
          "assetId": "5ddoFkU5tL",
          "checksum": "aec9e19394929d2815193001230e48bf"
        },
        {
          "type": "icon",
          "assetId": "P1tI4KZPsN",
          "checksum": "f3e625db6d76fc859433d4138382a8bd"
        },
        {
          "type": "icon",
          "assetId": "mF1BEtQKSX",
          "checksum": "6af02ed1dd903cf09ef3d6ae679b1a8a"
        },
        {
          "type": "icon",
          "assetId": "kgA-rxFI4m",
          "checksum": "cd441d8e467360b38394b314edd8d0ba"
        },
        {
          "type": "icon",
          "assetId": "XOwrUHWOLG",
          "checksum": "378dacee1a1c8c60572d4f1ea826407a"
        },
        {
          "type": "icon",
          "assetId": "YvygRCVOKu",
          "checksum": "7f00d303d49692cc2414e2c875dfec2a"
        },
        {
          "type": "icon",
          "assetId": "bR9RipYXNu",
          "checksum": "6f9b25946f3ae209f32ca2d35c58c48b"
        },
        {
          "type": "icon",
          "assetId": "m-Hu4jDxg0",
          "checksum": "5389009953f7e52a0b092dd9c933dad4"
        },
        {
          "type": "icon",
          "assetId": "3yV6JuHymJ",
          "checksum": "12bdc63519adf6bd9b73a9cab01c4fef"
        },
        {
          "type": "icon",
          "assetId": "Fhb_Pfow7W",
          "checksum": "6c10af62c4ff6e39d506fe57f6b08a2f"
        },
        {
          "type": "icon",
          "assetId": "aG_Uqj3Qt",
          "checksum": "84a32462fa1ecdc663f939886b6c9ad2"
        },
        {
          "type": "icon",
          "assetId": "scBzhhjIZv4",
          "checksum": "cb184a3cfb03a99ae78d8b69c7b28f12"
        },
        {
          "type": "icon",
          "assetId": "yt2mg2RDT6M",
          "checksum": "48d3df70ac97217dd0ecd9eb31fb3fd9"
        },
        {
          "type": "icon",
          "assetId": "r8LyQWIE3v2",
          "checksum": "169b1f37f33094bb633da897d76ea06d"
        },
        {
          "type": "icon",
          "assetId": "-u9srORxrsZ",
          "checksum": "a82bd90c8331966b32a6e7cec4de4532"
        },
        {
          "type": "icon",
          "assetId": "l_aMQdwK4j",
          "checksum": "232832da2940ef8f97afcc06fa146ca7"
        },
        {
          "type": "icon",
          "assetId": "lm7o3ONXJR",
          "checksum": "33e3f29a8f67c801673fef9ed36a2f7e"
        },
        {
          "type": "icon",
          "assetId": "vsjK4KwzaC",
          "checksum": "a891166345c01ada3f05b6a84aab32e5"
        },
        {
          "type": "image",
          "assetId": "EtePWYW_N3f",
          "checksum": "70731f958195315fdeab47a0c314307d"
        },
        {
          "type": "image",
          "assetId": "2xl-yXPPp",
          "checksum": "09f5bdcd5531b5fd3d2c153618c96399"
        },
        {
          "type": "image",
          "assetId": "AIXR2CGQwz",
          "checksum": "1e64d4509f6c80339413e38b55bc1794"
        },
        {
          "type": "image",
          "assetId": "Kgw4xQq-qt",
          "checksum": "00bfb3965af060af18e84a1cffadb0da"
        },
        {
          "type": "image",
          "assetId": "OfektsSBZS",
          "checksum": "a4c8d3b1bb6564869de1dd861d81a9b6"
        },
        {
          "type": "image",
          "assetId": "cHuSjXY7lh",
          "checksum": "dd3d72abdb04eb8959fc87a859e57bec"
        },
        {
          "type": "image",
          "assetId": "_7IHYZNHmV",
          "checksum": "ee63a6bc9e5b8ed0f3a6ae7c56124b27"
        },
        {
          "type": "image",
          "assetId": "4GxWVkRIZA",
          "checksum": "2e71849c7197d460bcd1518ee458070c"
        },
        {
          "type": "image",
          "assetId": "DXgBbaScPrs",
          "checksum": "a44a43deca723789ca64210f39608064"
        },
        {
          "type": "image",
          "assetId": "CBzPVJhae2q",
          "checksum": "2dc1659865094d93e1c0c4d2e11a618b"
        },
        {
          "type": "image",
          "assetId": "uuWKWJSZ7Xx",
          "checksum": "65382387972768c574d067f31b844b76"
        },
        {
          "type": "image",
          "assetId": "qHssKZUqt2c",
          "checksum": "23a1f37096e15dd39afbf355050bf56c"
        },
        {
          "type": "image",
          "assetId": "2KBHqWo8W",
          "checksum": "bbfbb5f4fe96c6ff56bf1894d16e00da"
        },
        {
          "type": "image",
          "assetId": "UT0drGozaF",
          "checksum": "9a11755516da52d0bb303dab640827ae"
        },
        {
          "type": "image",
          "assetId": "haNgbYYV2",
          "checksum": "fe00db5b319078a955a33f2673dd34ac"
        },
        {
          "type": "image",
          "assetId": "JlDaCiebiK",
          "checksum": "5b35900831631a0550d24518b1aee186"
        },
        {
          "type": "image",
          "assetId": "DaLy4idbX",
          "checksum": "fefb13c017c189bfa4a9c57c32688beb"
        },
        {
          "type": "image",
          "assetId": "BAfwleiNT",
          "checksum": "4a446280d8fba042b3f049c47a29d7c7"
        },
        {
          "type": "image",
          "assetId": "I_Tf3x3oU",
          "checksum": "00203a54b71e1e6d835d09a05ff32e54"
        },
        {
          "type": "image",
          "assetId": "7rhvByvW0",
          "checksum": "e0f1c67e0387418e752d61ee1326eb1e"
        },
        {
          "type": "image",
          "assetId": "kDm7q-PLX",
          "checksum": "c659e49abc6a77372664b409de31d917"
        },
        {
          "type": "image",
          "assetId": "dI5RArzT9-",
          "checksum": "2c9e39b7636be885958025a859f44f75"
        },
        {
          "type": "image",
          "assetId": "RQ12WzLt-4",
          "checksum": "50615e0a0f9d6def4de5c9988bd93d0e"
        },
        {
          "type": "image",
          "assetId": "rCLoQXuzOm",
          "checksum": "9de7d905b9b4e5953c3ef448f59e33b8"
        },
        {
          "type": "image",
          "assetId": "djgx01h4k",
          "checksum": "96276d3b946ae2184a821ca7d807459d"
        },
        {
          "type": "image",
          "assetId": "Rkhi5FD-P",
          "checksum": "aa9cbc71cebb4540f071183961976f34"
        },
        {
          "type": "image",
          "assetId": "8g6z_EfDY",
          "checksum": "2d34801edfa5a237c47c8a2134e54725"
        },
        {
          "type": "image",
          "assetId": "CFXKDw6ss",
          "checksum": "ca1dbd0cdfff44dfc623ba9ca2ec381b"
        },
        {
          "type": "image",
          "assetId": "jrbqNv4m6",
          "checksum": "4f53327beebe2c6902a56743d50d4ccc"
        },
        {
          "type": "image",
          "assetId": "__HvO18-a",
          "checksum": "d03acfb3675c33627a5ef8ea9c226648"
        },
        {
          "type": "image",
          "assetId": "t9cq_0Xzu",
          "checksum": "b4f36e3fe5569bf7cf8cf1ae4e6248a1"
        },
        {
          "type": "image",
          "assetId": "xElXqL1Y0",
          "checksum": "56acc37d23b1981ddb82b89074f9370d"
        },
        {
          "type": "image",
          "assetId": "flgBJCOQQ",
          "checksum": "eac989d30c00049d01e38fca10d4016f"
        },
        {
          "type": "image",
          "assetId": "KGcfuPy2N",
          "checksum": "4c7b2db05617fad1ebdaccc72bb0ae07"
        },
        {
          "type": "image",
          "assetId": "J-hRgkp8c",
          "checksum": "fadf8968a2e0204ee580b19755a123bd"
        },
        {
          "type": "image",
          "assetId": "C8c_H3Zvv",
          "checksum": "938342b5d8a36ba7a2dc6c4e5f8495d9"
        },
        {
          "type": "image",
          "assetId": "3e7snLSnD",
          "checksum": "2853bbfdc73cbbb6e9a0b6265c5288fc"
        },
        {
          "type": "image",
          "assetId": "mv_fr_9mAx",
          "checksum": "7f0b3641d9602afeddbb0127e2579585"
        },
        {
          "type": "image",
          "assetId": "bGpMb-_u7I",
          "checksum": "0c8c2e28792ce888545aae8a37508130"
        },
        {
          "type": "image",
          "assetId": "r6xIusAKvX",
          "checksum": "686d685b58d5ff0e8dc335cff33c0fa0"
        },
        {
          "type": "image",
          "assetId": "uNIhCbMOZa",
          "checksum": "74412199e3a75c22a53f7a83e78c314d"
        },
        {
          "type": "image",
          "assetId": "TwTRmkSkwG",
          "checksum": "c91ec1a4fb0cf2a76c0e2867b977c98c"
        },
        {
          "type": "image",
          "assetId": "AmhOPMaFf4",
          "checksum": "74ff708e28e5c39c830baed4e823ba14"
        },
        {
          "type": "image",
          "assetId": "IXrhsCV0Er",
          "checksum": "41898098ac2be506f5c040329261693d"
        },
        {
          "type": "image",
          "assetId": "7B7YYL16cg",
          "checksum": "c9fe3a56e0ac9f607124ace0fe8a768d"
        },
        {
          "type": "image",
          "assetId": "LcAYYFNjM",
          "checksum": "fb53033498b5371dc40510a689d34694"
        },
        {
          "type": "image",
          "assetId": "Vffy4kC-J",
          "checksum": "a8a00c3d7e6cf5a735c6a4aaff064c0d"
        },
        {
          "type": "image",
          "assetId": "jYfiglm6N",
          "checksum": "341fcbfaf63d1d9177970f777ce5e60d"
        },
        {
          "type": "image",
          "assetId": "6PALuNacYI",
          "checksum": "e2c23585fd8bad94591aec84e63f0f6b"
        },
        {
          "type": "image",
          "assetId": "RxAvAqNX1",
          "checksum": "fac8e1f78451d3b1b3ad9182378161e7"
        },
        {
          "type": "image",
          "assetId": "3NLsWS52uq",
          "checksum": "5d3645e918f5cdb7dc83ea0b73bc22c5"
        }
      ]
    }
  ],
  "cliVersion": "0.1.167"
}
